
Microsoft Visual Studio Solution File, Format Version 12.00
# Visual Studio Version 16
VisualStudioVersion = 16.0.29503.13
MinimumVisualStudioVersion = 10.0.40219.1
Project("{FAE04EC0-301F-11D3-BF4B-00C04F79EFBC}") = "modul4_kel48", "modul4_kel48\modul4_kel48.csproj", "{13D79BF0-6B08-4437-89D0-B817B1C07CD5}"
EndProject
Global
	GlobalSection(SolutionConfigurationPlatforms) = preSolution
		Debug|Any CPU = Debug|Any CPU
		Release|Any CPU = Release|Any CPU
	EndGlobalSection
	GlobalSection(ProjectConfigurationPlatforms) = postSolution
		{13D79BF0-6B08-4437-89D0-B817B1C07CD5}.Debug|Any CPU.ActiveCfg = Debug|Any CPU
		{13D79BF0-6B08-4437-89D0-B817B1C07CD5}.Debug|Any CPU.Build.0 = Debug|Any CPU
		{13D79BF0-6B08-4437-89D0-B817B1C07CD5}.Release|Any CPU.ActiveCfg = Release|Any CPU
		{13D79BF0-6B08-4437-89D0-B817B1C07CD5}.Release|Any CPU.Build.0 = Release|Any CPU
	EndGlobalSection
	GlobalSection(SolutionProperties) = preSolution
		HideSolutionNode = FALSE
	EndGlobalSection
	GlobalSection(ExtensibilityGlobals) = postSolution
		SolutionGuid = {7488F956-4A17-425C-B784-4A0FC2FDEA5F}
	EndGlobalSection
EndGlobal
